
Microsoft Visual Studio Solution File, Format Version 12.00
# Visual Studio 15
VisualStudioVersion = 15.0.28307.136
MinimumVisualStudioVersion = 10.0.40219.1
Project("{FAE04EC0-301F-11D3-BF4B-00C04F79EFBC}") = "ProfileBuster2", "ProfileBuster2.csproj", "{3A06FB1C-A63D-436E-9FFF-ED620C95D284}"
EndProject
Global
	GlobalSection(SolutionConfigurationPlatforms) = preSolution
		Debug|Any CPU = Debug|Any CPU
		Release|Any CPU = Release|Any CPU
	EndGlobalSection
	GlobalSection(ProjectConfigurationPlatforms) = postSolution
		{3A06FB1C-A63D-436E-9FFF-ED620C95D284}.Debug|Any CPU.ActiveCfg = Debug|Any CPU
		{3A06FB1C-A63D-436E-9FFF-ED620C95D284}.Debug|Any CPU.Build.0 = Debug|Any CPU
		{3A06FB1C-A63D-436E-9FFF-ED620C95D284}.Release|Any CPU.ActiveCfg = Release|Any CPU
		{3A06FB1C-A63D-436E-9FFF-ED620C95D284}.Release|Any CPU.Build.0 = Release|Any CPU
	EndGlobalSection
	GlobalSection(SolutionProperties) = preSolution
		HideSolutionNode = FALSE
	EndGlobalSection
	GlobalSection(ExtensibilityGlobals) = postSolution
		SolutionGuid = {3ADD6BD9-5DCD-4585-BC8E-AD112DF7C077}
	EndGlobalSection
EndGlobal
